// !$*UTF8*$!
{
	archiveVersion = 1;
	classes = {
	};
	objectVersion = 56;
	objects = {

/* Begin PBXBuildFile section */
		806956A42A1CCB6E00B45956 /* FirebaseAnalytics in Frameworks */ = {isa = PBXBuildFile; productRef = 806956A32A1CCB6E00B45956 /* FirebaseAnalytics */; };
		806956A62A1CCB6E00B45956 /* FirebaseAppDistribution-Beta in Frameworks */ = {isa = PBXBuildFile; productRef = 806956A52A1CCB6E00B45956 /* FirebaseAppDistribution-Beta */; };
		806956A82A1CCB6E00B45956 /* FirebaseAuth in Frameworks */ = {isa = PBXBuildFile; productRef = 806956A72A1CCB6E00B45956 /* FirebaseAuth */; };
		806956AA2A1CCB6E00B45956 /* FirebaseFirestore in Frameworks */ = {isa = PBXBuildFile; productRef = 806956A92A1CCB6E00B45956 /* FirebaseFirestore */; };
		806956AC2A1CCB6E00B45956 /* FirebaseFunctions in Frameworks */ = {isa = PBXBuildFile; productRef = 806956AB2A1CCB6E00B45956 /* FirebaseFunctions */; };
		806956AE2A1CCB6E00B45956 /* FirebaseStorage in Frameworks */ = {isa = PBXBuildFile; productRef = 806956AD2A1CCB6E00B45956 /* FirebaseStorage */; };
		806956B02A1CCF2100B45956 /* SignUpError.swift in Sources */ = {isa = PBXBuildFile; fileRef = 806956AF2A1CCF2100B45956 /* SignUpError.swift */; };
		806956B22A1CCF4D00B45956 /* AuthCoordinator.swift in Sources */ = {isa = PBXBuildFile; fileRef = 806956B12A1CCF4D00B45956 /* AuthCoordinator.swift */; };
		806956B42A1CD01500B45956 /* SignUpViewModel.swift in Sources */ = {isa = PBXBuildFile; fileRef = 806956B32A1CD01500B45956 /* SignUpViewModel.swift */; };
		806956B62A1CE72F00B45956 /* HomeViewModel.swift in Sources */ = {isa = PBXBuildFile; fileRef = 806956B52A1CE72F00B45956 /* HomeViewModel.swift */; };
		806956B82A1CE84800B45956 /* JSONDecoder+Ext.swift in Sources */ = {isa = PBXBuildFile; fileRef = 806956B72A1CE84800B45956 /* JSONDecoder+Ext.swift */; };
		806956BA2A1CE86C00B45956 /* UserModel.swift in Sources */ = {isa = PBXBuildFile; fileRef = 806956B92A1CE86C00B45956 /* UserModel.swift */; };
		806956BC2A1CFCF300B45956 /* OrderDetailsViewController.swift in Sources */ = {isa = PBXBuildFile; fileRef = 806956BB2A1CFCF300B45956 /* OrderDetailsViewController.swift */; };
		806956BF2A1CFDD000B45956 /* OrderDetailHeaderView.swift in Sources */ = {isa = PBXBuildFile; fileRef = 806956BE2A1CFDD000B45956 /* OrderDetailHeaderView.swift */; };
		806956C22A1CFE2700B45956 /* OrderHeaderModel.swift in Sources */ = {isa = PBXBuildFile; fileRef = 806956C12A1CFE2700B45956 /* OrderHeaderModel.swift */; };
		806956C42A1D087100B45956 /* OrderItemCell.swift in Sources */ = {isa = PBXBuildFile; fileRef = 806956C32A1D087100B45956 /* OrderItemCell.swift */; };
		806956C62A1D0E0800B45956 /* OrderItemModel.swift in Sources */ = {isa = PBXBuildFile; fileRef = 806956C52A1D0E0800B45956 /* OrderItemModel.swift */; };
		806956C92A1D0F9100B45956 /* SDWebImage in Frameworks */ = {isa = PBXBuildFile; productRef = 806956C82A1D0F9100B45956 /* SDWebImage */; };
		80E7967E2A1B6A4100353DDD /* AppDelegate.swift in Sources */ = {isa = PBXBuildFile; fileRef = 80E7967D2A1B6A4100353DDD /* AppDelegate.swift */; };
		80E796802A1B6A4100353DDD /* SceneDelegate.swift in Sources */ = {isa = PBXBuildFile; fileRef = 80E7967F2A1B6A4100353DDD /* SceneDelegate.swift */; };
		80E796822A1B6A4100353DDD /* ViewController.swift in Sources */ = {isa = PBXBuildFile; fileRef = 80E796812A1B6A4100353DDD /* ViewController.swift */; };
		80E796852A1B6A4100353DDD /* Main.storyboard in Resources */ = {isa = PBXBuildFile; fileRef = 80E796832A1B6A4100353DDD /* Main.storyboard */; };
		80E796872A1B6A4300353DDD /* Assets.xcassets in Resources */ = {isa = PBXBuildFile; fileRef = 80E796862A1B6A4300353DDD /* Assets.xcassets */; };
		80E7968A2A1B6A4300353DDD /* LaunchScreen.storyboard in Resources */ = {isa = PBXBuildFile; fileRef = 80E796882A1B6A4300353DDD /* LaunchScreen.storyboard */; };
		80E796942A1B6ADC00353DDD /* HomeViewController.swift in Sources */ = {isa = PBXBuildFile; fileRef = 80E796932A1B6ADC00353DDD /* HomeViewController.swift */; };
		80E796972A1B6AFF00353DDD /* TerminalAPICoordinator.swift in Sources */ = {isa = PBXBuildFile; fileRef = 80E796962A1B6AFF00353DDD /* TerminalAPICoordinator.swift */; };
		80E796992A1B6B2200353DDD /* SubscriptionAPICoordinator.swift in Sources */ = {isa = PBXBuildFile; fileRef = 80E796982A1B6B2200353DDD /* SubscriptionAPICoordinator.swift */; };
		80E7969D2A1B842100353DDD /* TestViewController.swift in Sources */ = {isa = PBXBuildFile; fileRef = 80E7969C2A1B842100353DDD /* TestViewController.swift */; };
		80E796C42A1BF7E800353DDD /* ScanToPayViewController.swift in Sources */ = {isa = PBXBuildFile; fileRef = 80E796C32A1BF7E800353DDD /* ScanToPayViewController.swift */; };
		80E796C72A1BF84800353DDD /* TabBarController.swift in Sources */ = {isa = PBXBuildFile; fileRef = 80E796C62A1BF84800353DDD /* TabBarController.swift */; };
		80E796CA2A1BF8DE00353DDD /* WalletViewController.swift in Sources */ = {isa = PBXBuildFile; fileRef = 80E796C92A1BF8DE00353DDD /* WalletViewController.swift */; };
		80E796CD2A1CB7C400353DDD /* ChooseSorLViewController.swift in Sources */ = {isa = PBXBuildFile; fileRef = 80E796CC2A1CB7C400353DDD /* ChooseSorLViewController.swift */; };
		80E796D02A1CB90B00353DDD /* UIView+Ext.swift in Sources */ = {isa = PBXBuildFile; fileRef = 80E796CF2A1CB90B00353DDD /* UIView+Ext.swift */; };
		80E796D22A1CBAF200353DDD /* UIColor+Ext.swift in Sources */ = {isa = PBXBuildFile; fileRef = 80E796D12A1CBAF200353DDD /* UIColor+Ext.swift */; };
		80E796D42A1CC1A600353DDD /* SignUpViewController.swift in Sources */ = {isa = PBXBuildFile; fileRef = 80E796D32A1CC1A600353DDD /* SignUpViewController.swift */; };
		80E796D62A1CC1B100353DDD /* LoginViewController.swift in Sources */ = {isa = PBXBuildFile; fileRef = 80E796D52A1CC1B100353DDD /* LoginViewController.swift */; };
		80E796D82A1CC9FF00353DDD /* GoogleService-Info.plist in Resources */ = {isa = PBXBuildFile; fileRef = 80E796D72A1CC9FE00353DDD /* GoogleService-Info.plist */; };
		DAD3900D2A1D164B00ECF68F /* TopBarView.swift in Sources */ = {isa = PBXBuildFile; fileRef = DAD3900C2A1D164B00ECF68F /* TopBarView.swift */; };
		DAD3900F2A1D341100ECF68F /* CountView.swift in Sources */ = {isa = PBXBuildFile; fileRef = DAD3900E2A1D341100ECF68F /* CountView.swift */; };
/* End PBXBuildFile section */

/* Begin PBXFileReference section */
		806956AF2A1CCF2100B45956 /* SignUpError.swift */ = {isa = PBXFileReference; lastKnownFileType = sourcecode.swift; path = SignUpError.swift; sourceTree = "<group>"; };
		806956B12A1CCF4D00B45956 /* AuthCoordinator.swift */ = {isa = PBXFileReference; lastKnownFileType = sourcecode.swift; path = AuthCoordinator.swift; sourceTree = "<group>"; };
		806956B32A1CD01500B45956 /* SignUpViewModel.swift */ = {isa = PBXFileReference; lastKnownFileType = sourcecode.swift; path = SignUpViewModel.swift; sourceTree = "<group>"; };
		806956B52A1CE72F00B45956 /* HomeViewModel.swift */ = {isa = PBXFileReference; lastKnownFileType = sourcecode.swift; path = HomeViewModel.swift; sourceTree = "<group>"; };
		806956B72A1CE84800B45956 /* JSONDecoder+Ext.swift */ = {isa = PBXFileReference; lastKnownFileType = sourcecode.swift; path = "JSONDecoder+Ext.swift"; sourceTree = "<group>"; };
		806956B92A1CE86C00B45956 /* UserModel.swift */ = {isa = PBXFileReference; lastKnownFileType = sourcecode.swift; path = UserModel.swift; sourceTree = "<group>"; };
		806956BB2A1CFCF300B45956 /* OrderDetailsViewController.swift */ = {isa = PBXFileReference; lastKnownFileType = sourcecode.swift; path = OrderDetailsViewController.swift; sourceTree = "<group>"; };
		806956BE2A1CFDD000B45956 /* OrderDetailHeaderView.swift */ = {isa = PBXFileReference; lastKnownFileType = sourcecode.swift; path = OrderDetailHeaderView.swift; sourceTree = "<group>"; };
		806956C12A1CFE2700B45956 /* OrderHeaderModel.swift */ = {isa = PBXFileReference; lastKnownFileType = sourcecode.swift; path = OrderHeaderModel.swift; sourceTree = "<group>"; };
		806956C32A1D087100B45956 /* OrderItemCell.swift */ = {isa = PBXFileReference; lastKnownFileType = sourcecode.swift; path = OrderItemCell.swift; sourceTree = "<group>"; };
		806956C52A1D0E0800B45956 /* OrderItemModel.swift */ = {isa = PBXFileReference; lastKnownFileType = sourcecode.swift; path = OrderItemModel.swift; sourceTree = "<group>"; };
		80E7967A2A1B6A4100353DDD /* SquareHack.app */ = {isa = PBXFileReference; explicitFileType = wrapper.application; includeInIndex = 0; path = SquareHack.app; sourceTree = BUILT_PRODUCTS_DIR; };
		80E7967D2A1B6A4100353DDD /* AppDelegate.swift */ = {isa = PBXFileReference; lastKnownFileType = sourcecode.swift; path = AppDelegate.swift; sourceTree = "<group>"; };
		80E7967F2A1B6A4100353DDD /* SceneDelegate.swift */ = {isa = PBXFileReference; lastKnownFileType = sourcecode.swift; path = SceneDelegate.swift; sourceTree = "<group>"; };
		80E796812A1B6A4100353DDD /* ViewController.swift */ = {isa = PBXFileReference; lastKnownFileType = sourcecode.swift; path = ViewController.swift; sourceTree = "<group>"; };
		80E796842A1B6A4100353DDD /* Base */ = {isa = PBXFileReference; lastKnownFileType = file.storyboard; name = Base; path = Base.lproj/Main.storyboard; sourceTree = "<group>"; };
		80E796862A1B6A4300353DDD /* Assets.xcassets */ = {isa = PBXFileReference; lastKnownFileType = folder.assetcatalog; path = Assets.xcassets; sourceTree = "<group>"; };
		80E796892A1B6A4300353DDD /* Base */ = {isa = PBXFileReference; lastKnownFileType = file.storyboard; name = Base; path = Base.lproj/LaunchScreen.storyboard; sourceTree = "<group>"; };
		80E7968B2A1B6A4300353DDD /* Info.plist */ = {isa = PBXFileReference; lastKnownFileType = text.plist.xml; path = Info.plist; sourceTree = "<group>"; };
		80E796932A1B6ADC00353DDD /* HomeViewController.swift */ = {isa = PBXFileReference; lastKnownFileType = sourcecode.swift; path = HomeViewController.swift; sourceTree = "<group>"; };
		80E796962A1B6AFF00353DDD /* TerminalAPICoordinator.swift */ = {isa = PBXFileReference; lastKnownFileType = sourcecode.swift; path = TerminalAPICoordinator.swift; sourceTree = "<group>"; };
		80E796982A1B6B2200353DDD /* SubscriptionAPICoordinator.swift */ = {isa = PBXFileReference; lastKnownFileType = sourcecode.swift; path = SubscriptionAPICoordinator.swift; sourceTree = "<group>"; };
		80E7969C2A1B842100353DDD /* TestViewController.swift */ = {isa = PBXFileReference; lastKnownFileType = sourcecode.swift; path = TestViewController.swift; sourceTree = "<group>"; };
		80E796C32A1BF7E800353DDD /* ScanToPayViewController.swift */ = {isa = PBXFileReference; lastKnownFileType = sourcecode.swift; path = ScanToPayViewController.swift; sourceTree = "<group>"; };
		80E796C62A1BF84800353DDD /* TabBarController.swift */ = {isa = PBXFileReference; lastKnownFileType = sourcecode.swift; path = TabBarController.swift; sourceTree = "<group>"; };
		80E796C92A1BF8DE00353DDD /* WalletViewController.swift */ = {isa = PBXFileReference; lastKnownFileType = sourcecode.swift; path = WalletViewController.swift; sourceTree = "<group>"; };
		80E796CC2A1CB7C400353DDD /* ChooseSorLViewController.swift */ = {isa = PBXFileReference; lastKnownFileType = sourcecode.swift; path = ChooseSorLViewController.swift; sourceTree = "<group>"; };
		80E796CF2A1CB90B00353DDD /* UIView+Ext.swift */ = {isa = PBXFileReference; lastKnownFileType = sourcecode.swift; path = "UIView+Ext.swift"; sourceTree = "<group>"; };
		80E796D12A1CBAF200353DDD /* UIColor+Ext.swift */ = {isa = PBXFileReference; lastKnownFileType = sourcecode.swift; path = "UIColor+Ext.swift"; sourceTree = "<group>"; };
		80E796D32A1CC1A600353DDD /* SignUpViewController.swift */ = {isa = PBXFileReference; lastKnownFileType = sourcecode.swift; path = SignUpViewController.swift; sourceTree = "<group>"; };
		80E796D52A1CC1B100353DDD /* LoginViewController.swift */ = {isa = PBXFileReference; lastKnownFileType = sourcecode.swift; path = LoginViewController.swift; sourceTree = "<group>"; };
		80E796D72A1CC9FE00353DDD /* GoogleService-Info.plist */ = {isa = PBXFileReference; fileEncoding = 4; lastKnownFileType = text.plist.xml; path = "GoogleService-Info.plist"; sourceTree = "<group>"; };
		DAD3900C2A1D164B00ECF68F /* TopBarView.swift */ = {isa = PBXFileReference; lastKnownFileType = sourcecode.swift; path = TopBarView.swift; sourceTree = "<group>"; };
		DAD3900E2A1D341100ECF68F /* CountView.swift */ = {isa = PBXFileReference; lastKnownFileType = sourcecode.swift; path = CountView.swift; sourceTree = "<group>"; };
/* End PBXFileReference section */

/* Begin PBXFrameworksBuildPhase section */
		80E796772A1B6A4100353DDD /* Frameworks */ = {
			isa = PBXFrameworksBuildPhase;
			buildActionMask = 2147483647;
			files = (
				806956A42A1CCB6E00B45956 /* FirebaseAnalytics in Frameworks */,
				806956AA2A1CCB6E00B45956 /* FirebaseFirestore in Frameworks */,
				806956AC2A1CCB6E00B45956 /* FirebaseFunctions in Frameworks */,
				806956C92A1D0F9100B45956 /* SDWebImage in Frameworks */,
				806956A82A1CCB6E00B45956 /* FirebaseAuth in Frameworks */,
				806956A62A1CCB6E00B45956 /* FirebaseAppDistribution-Beta in Frameworks */,
				806956AE2A1CCB6E00B45956 /* FirebaseStorage in Frameworks */,
			);
			runOnlyForDeploymentPostprocessing = 0;
		};
/* End PBXFrameworksBuildPhase section */

/* Begin PBXGroup section */
		806956BD2A1CFDC000B45956 /* Views */ = {
			isa = PBXGroup;
			children = (
				806956BE2A1CFDD000B45956 /* OrderDetailHeaderView.swift */,
				806956C32A1D087100B45956 /* OrderItemCell.swift */,
			);
			path = Views;
			sourceTree = "<group>";
		};
		806956C02A1CFE1D00B45956 /* Model */ = {
			isa = PBXGroup;
			children = (
				806956C12A1CFE2700B45956 /* OrderHeaderModel.swift */,
				806956C52A1D0E0800B45956 /* OrderItemModel.swift */,
			);
			path = Model;
			sourceTree = "<group>";
		};
		80E796712A1B6A4100353DDD = {
			isa = PBXGroup;
			children = (
				80E7967C2A1B6A4100353DDD /* SquareHack */,
				80E7967B2A1B6A4100353DDD /* Products */,
			);
			sourceTree = "<group>";
		};
		80E7967B2A1B6A4100353DDD /* Products */ = {
			isa = PBXGroup;
			children = (
				80E7967A2A1B6A4100353DDD /* SquareHack.app */,
			);
			name = Products;
			sourceTree = "<group>";
		};
		80E7967C2A1B6A4100353DDD /* SquareHack */ = {
			isa = PBXGroup;
			children = (
				80E796D72A1CC9FE00353DDD /* GoogleService-Info.plist */,
				80E796CE2A1CB8FD00353DDD /* Extensions */,
				80E796CB2A1CB79C00353DDD /* Login+Signup */,
				80E796912A1B6A8F00353DDD /* Core */,
				80E796C52A1BF83600353DDD /* TabBarController */,
				80E796922A1B6A9700353DDD /* Home */,
				80E796C82A1BF8CC00353DDD /* Wallet */,
				80E796C22A1BF7C500353DDD /* ScanToPay */,
				80E796952A1B6AEA00353DDD /* API */,
				80E7968B2A1B6A4300353DDD /* Info.plist */,
			);
			path = SquareHack;
			sourceTree = "<group>";
		};
		80E796912A1B6A8F00353DDD /* Core */ = {
			isa = PBXGroup;
			children = (
				80E7967D2A1B6A4100353DDD /* AppDelegate.swift */,
				80E7967F2A1B6A4100353DDD /* SceneDelegate.swift */,
				80E796812A1B6A4100353DDD /* ViewController.swift */,
				80E796832A1B6A4100353DDD /* Main.storyboard */,
				80E796862A1B6A4300353DDD /* Assets.xcassets */,
				80E796882A1B6A4300353DDD /* LaunchScreen.storyboard */,
			);
			path = Core;
			sourceTree = "<group>";
		};
		80E796922A1B6A9700353DDD /* Home */ = {
			isa = PBXGroup;
			children = (
				80E796932A1B6ADC00353DDD /* HomeViewController.swift */,
				806956B52A1CE72F00B45956 /* HomeViewModel.swift */,
				806956B92A1CE86C00B45956 /* UserModel.swift */,
				DAD3900C2A1D164B00ECF68F /* TopBarView.swift */,
				DAD3900E2A1D341100ECF68F /* CountView.swift */,
			);
			path = Home;
			sourceTree = "<group>";
		};
		80E796952A1B6AEA00353DDD /* API */ = {
			isa = PBXGroup;
			children = (
				80E796962A1B6AFF00353DDD /* TerminalAPICoordinator.swift */,
				80E796982A1B6B2200353DDD /* SubscriptionAPICoordinator.swift */,
				80E7969C2A1B842100353DDD /* TestViewController.swift */,
			);
			path = API;
			sourceTree = "<group>";
		};
		80E796C22A1BF7C500353DDD /* ScanToPay */ = {
			isa = PBXGroup;
			children = (
				80E796C32A1BF7E800353DDD /* ScanToPayViewController.swift */,
				806956BB2A1CFCF300B45956 /* OrderDetailsViewController.swift */,
				806956C02A1CFE1D00B45956 /* Model */,
				806956BD2A1CFDC000B45956 /* Views */,
			);
			path = ScanToPay;
			sourceTree = "<group>";
		};
		80E796C52A1BF83600353DDD /* TabBarController */ = {
			isa = PBXGroup;
			children = (
				80E796C62A1BF84800353DDD /* TabBarController.swift */,
			);
			path = TabBarController;
			sourceTree = "<group>";
		};
		80E796C82A1BF8CC00353DDD /* Wallet */ = {
			isa = PBXGroup;
			children = (
				80E796C92A1BF8DE00353DDD /* WalletViewController.swift */,
			);
			path = Wallet;
			sourceTree = "<group>";
		};
		80E796CB2A1CB79C00353DDD /* Login+Signup */ = {
			isa = PBXGroup;
			children = (
				80E796CC2A1CB7C400353DDD /* ChooseSorLViewController.swift */,
				80E796D52A1CC1B100353DDD /* LoginViewController.swift */,
				80E796D32A1CC1A600353DDD /* SignUpViewController.swift */,
				806956B32A1CD01500B45956 /* SignUpViewModel.swift */,
				806956AF2A1CCF2100B45956 /* SignUpError.swift */,
				806956B12A1CCF4D00B45956 /* AuthCoordinator.swift */,
			);
			path = "Login+Signup";
			sourceTree = "<group>";
		};
		80E796CE2A1CB8FD00353DDD /* Extensions */ = {
			isa = PBXGroup;
			children = (
				80E796CF2A1CB90B00353DDD /* UIView+Ext.swift */,
				80E796D12A1CBAF200353DDD /* UIColor+Ext.swift */,
				806956B72A1CE84800B45956 /* JSONDecoder+Ext.swift */,
			);
			path = Extensions;
			sourceTree = "<group>";
		};
/* End PBXGroup section */

/* Begin PBXNativeTarget section */
		80E796792A1B6A4100353DDD /* SquareHack */ = {
			isa = PBXNativeTarget;
			buildConfigurationList = 80E7968E2A1B6A4300353DDD /* Build configuration list for PBXNativeTarget "SquareHack" */;
			buildPhases = (
				80E796762A1B6A4100353DDD /* Sources */,
				80E796772A1B6A4100353DDD /* Frameworks */,
				80E796782A1B6A4100353DDD /* Resources */,
			);
			buildRules = (
			);
			dependencies = (
			);
			name = SquareHack;
			packageProductDependencies = (
				806956A32A1CCB6E00B45956 /* FirebaseAnalytics */,
				806956A52A1CCB6E00B45956 /* FirebaseAppDistribution-Beta */,
				806956A72A1CCB6E00B45956 /* FirebaseAuth */,
				806956A92A1CCB6E00B45956 /* FirebaseFirestore */,
				806956AB2A1CCB6E00B45956 /* FirebaseFunctions */,
				806956AD2A1CCB6E00B45956 /* FirebaseStorage */,
				806956C82A1D0F9100B45956 /* SDWebImage */,
			);
			productName = SquareHack;
			productReference = 80E7967A2A1B6A4100353DDD /* SquareHack.app */;
			productType = "com.apple.product-type.application";
		};
/* End PBXNativeTarget section */

/* Begin PBXProject section */
		80E796722A1B6A4100353DDD /* Project object */ = {
			isa = PBXProject;
			attributes = {
				BuildIndependentTargetsInParallel = 1;
				LastSwiftUpdateCheck = 1420;
				LastUpgradeCheck = 1420;
				TargetAttributes = {
					80E796792A1B6A4100353DDD = {
						CreatedOnToolsVersion = 14.2;
					};
				};
			};
			buildConfigurationList = 80E796752A1B6A4100353DDD /* Build configuration list for PBXProject "SquareHack" */;
			compatibilityVersion = "Xcode 14.0";
			developmentRegion = en;
			hasScannedForEncodings = 0;
			knownRegions = (
				en,
				Base,
			);
			mainGroup = 80E796712A1B6A4100353DDD;
			packageReferences = (
				806956A22A1CCB6E00B45956 /* XCRemoteSwiftPackageReference "firebase-ios-sdk" */,
				806956C72A1D0F9100B45956 /* XCRemoteSwiftPackageReference "SDWebImage" */,
			);
			productRefGroup = 80E7967B2A1B6A4100353DDD /* Products */;
			projectDirPath = "";
			projectRoot = "";
			targets = (
				80E796792A1B6A4100353DDD /* SquareHack */,
			);
		};
/* End PBXProject section */

/* Begin PBXResourcesBuildPhase section */
		80E796782A1B6A4100353DDD /* Resources */ = {
			isa = PBXResourcesBuildPhase;
			buildActionMask = 2147483647;
			files = (
				80E7968A2A1B6A4300353DDD /* LaunchScreen.storyboard in Resources */,
				80E796D82A1CC9FF00353DDD /* GoogleService-Info.plist in Resources */,
				80E796872A1B6A4300353DDD /* Assets.xcassets in Resources */,
				80E796852A1B6A4100353DDD /* Main.storyboard in Resources */,
			);
			runOnlyForDeploymentPostprocessing = 0;
		};
/* End PBXResourcesBuildPhase section */

/* Begin PBXSourcesBuildPhase section */
		80E796762A1B6A4100353DDD /* Sources */ = {
			isa = PBXSourcesBuildPhase;
			buildActionMask = 2147483647;
			files = (
				806956B82A1CE84800B45956 /* JSONDecoder+Ext.swift in Sources */,
				806956BA2A1CE86C00B45956 /* UserModel.swift in Sources */,
				806956B62A1CE72F00B45956 /* HomeViewModel.swift in Sources */,
				80E7969D2A1B842100353DDD /* TestViewController.swift in Sources */,
				80E796CD2A1CB7C400353DDD /* ChooseSorLViewController.swift in Sources */,
				80E796C42A1BF7E800353DDD /* ScanToPayViewController.swift in Sources */,
				806956BC2A1CFCF300B45956 /* OrderDetailsViewController.swift in Sources */,
				80E796D62A1CC1B100353DDD /* LoginViewController.swift in Sources */,
				806956B42A1CD01500B45956 /* SignUpViewModel.swift in Sources */,
				DAD3900D2A1D164B00ECF68F /* TopBarView.swift in Sources */,
				806956B22A1CCF4D00B45956 /* AuthCoordinator.swift in Sources */,
				80E796972A1B6AFF00353DDD /* TerminalAPICoordinator.swift in Sources */,
				80E796C72A1BF84800353DDD /* TabBarController.swift in Sources */,
				80E796822A1B6A4100353DDD /* ViewController.swift in Sources */,
				80E796D22A1CBAF200353DDD /* UIColor+Ext.swift in Sources */,
				80E796992A1B6B2200353DDD /* SubscriptionAPICoordinator.swift in Sources */,
				80E796D42A1CC1A600353DDD /* SignUpViewController.swift in Sources */,
				80E7967E2A1B6A4100353DDD /* AppDelegate.swift in Sources */,
				80E796D02A1CB90B00353DDD /* UIView+Ext.swift in Sources */,
				806956BF2A1CFDD000B45956 /* OrderDetailHeaderView.swift in Sources */,
				806956B02A1CCF2100B45956 /* SignUpError.swift in Sources */,
				80E796802A1B6A4100353DDD /* SceneDelegate.swift in Sources */,
				DAD3900F2A1D341100ECF68F /* CountView.swift in Sources */,
				80E796942A1B6ADC00353DDD /* HomeViewController.swift in Sources */,
				80E796CA2A1BF8DE00353DDD /* WalletViewController.swift in Sources */,
				806956C22A1CFE2700B45956 /* OrderHeaderModel.swift in Sources */,
				806956C42A1D087100B45956 /* OrderItemCell.swift in Sources */,
				806956C62A1D0E0800B45956 /* OrderItemModel.swift in Sources */,
			);
			runOnlyForDeploymentPostprocessing = 0;
		};
/* End PBXSourcesBuildPhase section */

/* Begin PBXVariantGroup section */
		80E796832A1B6A4100353DDD /* Main.storyboard */ = {
			isa = PBXVariantGroup;
			children = (
				80E796842A1B6A4100353DDD /* Base */,
			);
			name = Main.storyboard;
			sourceTree = "<group>";
		};
		80E796882A1B6A4300353DDD /* LaunchScreen.storyboard */ = {
			isa = PBXVariantGroup;
			children = (
				80E796892A1B6A4300353DDD /* Base */,
			);
			name = LaunchScreen.storyboard;
			sourceTree = "<group>";
		};
/* End PBXVariantGroup section */

/* Begin XCBuildConfiguration section */
		80E7968C2A1B6A4300353DDD /* Debug */ = {
			isa = XCBuildConfiguration;
			buildSettings = {
				ALWAYS_SEARCH_USER_PATHS = NO;
				CLANG_ANALYZER_NONNULL = YES;
				CLANG_ANALYZER_NUMBER_OBJECT_CONVERSION = YES_AGGRESSIVE;
				CLANG_CXX_LANGUAGE_STANDARD = "gnu++20";
				CLANG_ENABLE_MODULES = YES;
				CLANG_ENABLE_OBJC_ARC = YES;
				CLANG_ENABLE_OBJC_WEAK = YES;
				CLANG_WARN_BLOCK_CAPTURE_AUTORELEASING = YES;
				CLANG_WARN_BOOL_CONVERSION = YES;
				CLANG_WARN_COMMA = YES;
				CLANG_WARN_CONSTANT_CONVERSION = YES;
				CLANG_WARN_DEPRECATED_OBJC_IMPLEMENTATIONS = YES;
				CLANG_WARN_DIRECT_OBJC_ISA_USAGE = YES_ERROR;
				CLANG_WARN_DOCUMENTATION_COMMENTS = YES;
				CLANG_WARN_EMPTY_BODY = YES;
				CLANG_WARN_ENUM_CONVERSION = YES;
				CLANG_WARN_INFINITE_RECURSION = YES;
				CLANG_WARN_INT_CONVERSION = YES;
				CLANG_WARN_NON_LITERAL_NULL_CONVERSION = YES;
				CLANG_WARN_OBJC_IMPLICIT_RETAIN_SELF = YES;
				CLANG_WARN_OBJC_LITERAL_CONVERSION = YES;
				CLANG_WARN_OBJC_ROOT_CLASS = YES_ERROR;
				CLANG_WARN_QUOTED_INCLUDE_IN_FRAMEWORK_HEADER = YES;
				CLANG_WARN_RANGE_LOOP_ANALYSIS = YES;
				CLANG_WARN_STRICT_PROTOTYPES = YES;
				CLANG_WARN_SUSPICIOUS_MOVE = YES;
				CLANG_WARN_UNGUARDED_AVAILABILITY = YES_AGGRESSIVE;
				CLANG_WARN_UNREACHABLE_CODE = YES;
				CLANG_WARN__DUPLICATE_METHOD_MATCH = YES;
				COPY_PHASE_STRIP = NO;
				DEBUG_INFORMATION_FORMAT = dwarf;
				ENABLE_STRICT_OBJC_MSGSEND = YES;
				ENABLE_TESTABILITY = YES;
				GCC_C_LANGUAGE_STANDARD = gnu11;
				GCC_DYNAMIC_NO_PIC = NO;
				GCC_NO_COMMON_BLOCKS = YES;
				GCC_OPTIMIZATION_LEVEL = 0;
				GCC_PREPROCESSOR_DEFINITIONS = (
					"DEBUG=1",
					"$(inherited)",
				);
				GCC_WARN_64_TO_32_BIT_CONVERSION = YES;
				GCC_WARN_ABOUT_RETURN_TYPE = YES_ERROR;
				GCC_WARN_UNDECLARED_SELECTOR = YES;
				GCC_WARN_UNINITIALIZED_AUTOS = YES_AGGRESSIVE;
				GCC_WARN_UNUSED_FUNCTION = YES;
				GCC_WARN_UNUSED_VARIABLE = YES;
				IPHONEOS_DEPLOYMENT_TARGET = 16.2;
				MTL_ENABLE_DEBUG_INFO = INCLUDE_SOURCE;
				MTL_FAST_MATH = YES;
				ONLY_ACTIVE_ARCH = YES;
				SDKROOT = iphoneos;
				SWIFT_ACTIVE_COMPILATION_CONDITIONS = DEBUG;
				SWIFT_OPTIMIZATION_LEVEL = "-Onone";
			};
			name = Debug;
		};
		80E7968D2A1B6A4300353DDD /* Release */ = {
			isa = XCBuildConfiguration;
			buildSettings = {
				ALWAYS_SEARCH_USER_PATHS = NO;
				CLANG_ANALYZER_NONNULL = YES;
				CLANG_ANALYZER_NUMBER_OBJECT_CONVERSION = YES_AGGRESSIVE;
				CLANG_CXX_LANGUAGE_STANDARD = "gnu++20";
				CLANG_ENABLE_MODULES = YES;
				CLANG_ENABLE_OBJC_ARC = YES;
				CLANG_ENABLE_OBJC_WEAK = YES;
				CLANG_WARN_BLOCK_CAPTURE_AUTORELEASING = YES;
				CLANG_WARN_BOOL_CONVERSION = YES;
				CLANG_WARN_COMMA = YES;
				CLANG_WARN_CONSTANT_CONVERSION = YES;
				CLANG_WARN_DEPRECATED_OBJC_IMPLEMENTATIONS = YES;
				CLANG_WARN_DIRECT_OBJC_ISA_USAGE = YES_ERROR;
				CLANG_WARN_DOCUMENTATION_COMMENTS = YES;
				CLANG_WARN_EMPTY_BODY = YES;
				CLANG_WARN_ENUM_CONVERSION = YES;
				CLANG_WARN_INFINITE_RECURSION = YES;
				CLANG_WARN_INT_CONVERSION = YES;
				CLANG_WARN_NON_LITERAL_NULL_CONVERSION = YES;
				CLANG_WARN_OBJC_IMPLICIT_RETAIN_SELF = YES;
				CLANG_WARN_OBJC_LITERAL_CONVERSION = YES;
				CLANG_WARN_OBJC_ROOT_CLASS = YES_ERROR;
				CLANG_WARN_QUOTED_INCLUDE_IN_FRAMEWORK_HEADER = YES;
				CLANG_WARN_RANGE_LOOP_ANALYSIS = YES;
				CLANG_WARN_STRICT_PROTOTYPES = YES;
				CLANG_WARN_SUSPICIOUS_MOVE = YES;
				CLANG_WARN_UNGUARDED_AVAILABILITY = YES_AGGRESSIVE;
				CLANG_WARN_UNREACHABLE_CODE = YES;
				CLANG_WARN__DUPLICATE_METHOD_MATCH = YES;
				COPY_PHASE_STRIP = NO;
				DEBUG_INFORMATION_FORMAT = "dwarf-with-dsym";
				ENABLE_NS_ASSERTIONS = NO;
				ENABLE_STRICT_OBJC_MSGSEND = YES;
				GCC_C_LANGUAGE_STANDARD = gnu11;
				GCC_NO_COMMON_BLOCKS = YES;
				GCC_WARN_64_TO_32_BIT_CONVERSION = YES;
				GCC_WARN_ABOUT_RETURN_TYPE = YES_ERROR;
				GCC_WARN_UNDECLARED_SELECTOR = YES;
				GCC_WARN_UNINITIALIZED_AUTOS = YES_AGGRESSIVE;
				GCC_WARN_UNUSED_FUNCTION = YES;
				GCC_WARN_UNUSED_VARIABLE = YES;
				IPHONEOS_DEPLOYMENT_TARGET = 16.2;
				MTL_ENABLE_DEBUG_INFO = NO;
				MTL_FAST_MATH = YES;
				SDKROOT = iphoneos;
				SWIFT_COMPILATION_MODE = wholemodule;
				SWIFT_OPTIMIZATION_LEVEL = "-O";
				VALIDATE_PRODUCT = YES;
			};
			name = Release;
		};
		80E7968F2A1B6A4300353DDD /* Debug */ = {
			isa = XCBuildConfiguration;
			buildSettings = {
				ASSETCATALOG_COMPILER_APPICON_NAME = AppIcon;
				ASSETCATALOG_COMPILER_GLOBAL_ACCENT_COLOR_NAME = AccentColor;
				CODE_SIGN_STYLE = Automatic;
				CURRENT_PROJECT_VERSION = 1;
				DEVELOPMENT_TEAM = UEA5XWCYV3;
				GENERATE_INFOPLIST_FILE = YES;
				INFOPLIST_FILE = SquareHack/Info.plist;
				INFOPLIST_KEY_UIApplicationSupportsIndirectInputEvents = YES;
				INFOPLIST_KEY_UILaunchStoryboardName = LaunchScreen;
				INFOPLIST_KEY_UIMainStoryboardFile = Main;
				INFOPLIST_KEY_UISupportedInterfaceOrientations_iPad = "UIInterfaceOrientationPortrait UIInterfaceOrientationPortraitUpsideDown UIInterfaceOrientationLandscapeLeft UIInterfaceOrientationLandscapeRight";
				INFOPLIST_KEY_UISupportedInterfaceOrientations_iPhone = "UIInterfaceOrientationPortrait UIInterfaceOrientationLandscapeLeft UIInterfaceOrientationLandscapeRight";
				LD_RUNPATH_SEARCH_PATHS = (
					"$(inherited)",
					"@executable_path/Frameworks",
				);
				MARKETING_VERSION = 1.0;
				PRODUCT_BUNDLE_IDENTIFIER = com.christian.SquareHack;
				PRODUCT_NAME = "$(TARGET_NAME)";
				SWIFT_EMIT_LOC_STRINGS = YES;
				SWIFT_VERSION = 5.0;
				TARGETED_DEVICE_FAMILY = "1,2";
			};
			name = Debug;
		};
		80E796902A1B6A4300353DDD /* Release */ = {
			isa = XCBuildConfiguration;
			buildSettings = {
				ASSETCATALOG_COMPILER_APPICON_NAME = AppIcon;
				ASSETCATALOG_COMPILER_GLOBAL_ACCENT_COLOR_NAME = AccentColor;
				CODE_SIGN_STYLE = Automatic;
				CURRENT_PROJECT_VERSION = 1;
				DEVELOPMENT_TEAM = UEA5XWCYV3;
				GENERATE_INFOPLIST_FILE = YES;
				INFOPLIST_FILE = SquareHack/Info.plist;
				INFOPLIST_KEY_UIApplicationSupportsIndirectInputEvents = YES;
				INFOPLIST_KEY_UILaunchStoryboardName = LaunchScreen;
				INFOPLIST_KEY_UIMainStoryboardFile = Main;
				INFOPLIST_KEY_UISupportedInterfaceOrientations_iPad = "UIInterfaceOrientationPortrait UIInterfaceOrientationPortraitUpsideDown UIInterfaceOrientationLandscapeLeft UIInterfaceOrientationLandscapeRight";
				INFOPLIST_KEY_UISupportedInterfaceOrientations_iPhone = "UIInterfaceOrientationPortrait UIInterfaceOrientationLandscapeLeft UIInterfaceOrientationLandscapeRight";
				LD_RUNPATH_SEARCH_PATHS = (
					"$(inherited)",
					"@executable_path/Frameworks",
				);
				MARKETING_VERSION = 1.0;
				PRODUCT_BUNDLE_IDENTIFIER = com.christian.SquareHack;
				PRODUCT_NAME = "$(TARGET_NAME)";
				SWIFT_EMIT_LOC_STRINGS = YES;
				SWIFT_VERSION = 5.0;
				TARGETED_DEVICE_FAMILY = "1,2";
			};
			name = Release;
		};
/* End XCBuildConfiguration section */

/* Begin XCConfigurationList section */
		80E796752A1B6A4100353DDD /* Build configuration list for PBXProject "SquareHack" */ = {
			isa = XCConfigurationList;
			buildConfigurations = (
				80E7968C2A1B6A4300353DDD /* Debug */,
				80E7968D2A1B6A4300353DDD /* Release */,
			);
			defaultConfigurationIsVisible = 0;
			defaultConfigurationName = Release;
		};
		80E7968E2A1B6A4300353DDD /* Build configuration list for PBXNativeTarget "SquareHack" */ = {
			isa = XCConfigurationList;
			buildConfigurations = (
				80E7968F2A1B6A4300353DDD /* Debug */,
				80E796902A1B6A4300353DDD /* Release */,
			);
			defaultConfigurationIsVisible = 0;
			defaultConfigurationName = Release;
		};
/* End XCConfigurationList section */

/* Begin XCRemoteSwiftPackageReference section */
		806956A22A1CCB6E00B45956 /* XCRemoteSwiftPackageReference "firebase-ios-sdk" */ = {
			isa = XCRemoteSwiftPackageReference;
			repositoryURL = "https://github.com/firebase/firebase-ios-sdk";
			requirement = {
				kind = upToNextMajorVersion;
				minimumVersion = 9.0.0;
			};
		};
		806956C72A1D0F9100B45956 /* XCRemoteSwiftPackageReference "SDWebImage" */ = {
			isa = XCRemoteSwiftPackageReference;
			repositoryURL = "https://github.com/SDWebImage/SDWebImage.git";
			requirement = {
				kind = upToNextMajorVersion;
				minimumVersion = 5.0.0;
			};
		};
/* End XCRemoteSwiftPackageReference section */

/* Begin XCSwiftPackageProductDependency section */
		806956A32A1CCB6E00B45956 /* FirebaseAnalytics */ = {
			isa = XCSwiftPackageProductDependency;
			package = 806956A22A1CCB6E00B45956 /* XCRemoteSwiftPackageReference "firebase-ios-sdk" */;
			productName = FirebaseAnalytics;
		};
		806956A52A1CCB6E00B45956 /* FirebaseAppDistribution-Beta */ = {
			isa = XCSwiftPackageProductDependency;
			package = 806956A22A1CCB6E00B45956 /* XCRemoteSwiftPackageReference "firebase-ios-sdk" */;
			productName = "FirebaseAppDistribution-Beta";
		};
		806956A72A1CCB6E00B45956 /* FirebaseAuth */ = {
			isa = XCSwiftPackageProductDependency;
			package = 806956A22A1CCB6E00B45956 /* XCRemoteSwiftPackageReference "firebase-ios-sdk" */;
			productName = FirebaseAuth;
		};
		806956A92A1CCB6E00B45956 /* FirebaseFirestore */ = {
			isa = XCSwiftPackageProductDependency;
			package = 806956A22A1CCB6E00B45956 /* XCRemoteSwiftPackageReference "firebase-ios-sdk" */;
			productName = FirebaseFirestore;
		};
		806956AB2A1CCB6E00B45956 /* FirebaseFunctions */ = {
			isa = XCSwiftPackageProductDependency;
			package = 806956A22A1CCB6E00B45956 /* XCRemoteSwiftPackageReference "firebase-ios-sdk" */;
			productName = FirebaseFunctions;
		};
		806956AD2A1CCB6E00B45956 /* FirebaseStorage */ = {
			isa = XCSwiftPackageProductDependency;
			package = 806956A22A1CCB6E00B45956 /* XCRemoteSwiftPackageReference "firebase-ios-sdk" */;
			productName = FirebaseStorage;
		};
		806956C82A1D0F9100B45956 /* SDWebImage */ = {
			isa = XCSwiftPackageProductDependency;
			package = 806956C72A1D0F9100B45956 /* XCRemoteSwiftPackageReference "SDWebImage" */;
			productName = SDWebImage;
		};
/* End XCSwiftPackageProductDependency section */
	};
	rootObject = 80E796722A1B6A4100353DDD /* Project object */;
}
